
Microsoft Visual Studio Solution File, Format Version 12.00
# Visual Studio Version 16
VisualStudioVersion = 16.0.31321.278
MinimumVisualStudioVersion = 10.0.40219.1
Project("{FAE04EC0-301F-11D3-BF4B-00C04F79EFBC}") = "KomodoInsurance.UI", "KomodoInsurance.UI\KomodoInsurance.UI.csproj", "{40751BEB-C093-4A96-A9F9-CE83C4B5FA50}"
EndProject
Project("{FAE04EC0-301F-11D3-BF4B-00C04F79EFBC}") = "KomodoInsurance.Data", "KomodoInsurance.Data\KomodoInsurance.Data.csproj", "{149B9C4C-3479-4470-9575-84B62981ACA5}"
EndProject
Global
	GlobalSection(SolutionConfigurationPlatforms) = preSolution
		Debug|Any CPU = Debug|Any CPU
		Release|Any CPU = Release|Any CPU
	EndGlobalSection
	GlobalSection(ProjectConfigurationPlatforms) = postSolution
		{40751BEB-C093-4A96-A9F9-CE83C4B5FA50}.Debug|Any CPU.ActiveCfg = Debug|Any CPU
		{40751BEB-C093-4A96-A9F9-CE83C4B5FA50}.Debug|Any CPU.Build.0 = Debug|Any CPU
		{40751BEB-C093-4A96-A9F9-CE83C4B5FA50}.Release|Any CPU.ActiveCfg = Release|Any CPU
		{40751BEB-C093-4A96-A9F9-CE83C4B5FA50}.Release|Any CPU.Build.0 = Release|Any CPU
		{149B9C4C-3479-4470-9575-84B62981ACA5}.Debug|Any CPU.ActiveCfg = Debug|Any CPU
		{149B9C4C-3479-4470-9575-84B62981ACA5}.Debug|Any CPU.Build.0 = Debug|Any CPU
		{149B9C4C-3479-4470-9575-84B62981ACA5}.Release|Any CPU.ActiveCfg = Release|Any CPU
		{149B9C4C-3479-4470-9575-84B62981ACA5}.Release|Any CPU.Build.0 = Release|Any CPU
	EndGlobalSection
	GlobalSection(SolutionProperties) = preSolution
		HideSolutionNode = FALSE
	EndGlobalSection
	GlobalSection(ExtensibilityGlobals) = postSolution
		SolutionGuid = {DC724363-B7C3-43AB-9B27-DB003515AF19}
	EndGlobalSection
EndGlobal
