
Microsoft Visual Studio Solution File, Format Version 12.00
# Visual Studio Version 16
VisualStudioVersion = 16.0.31321.278
MinimumVisualStudioVersion = 10.0.40219.1
Project("{FAE04EC0-301F-11D3-BF4B-00C04F79EFBC}") = "PokeDex", "PokeDex\PokeDex.csproj", "{88BD1B1D-A63A-4DD7-B79B-A5A1CFC3A77A}"
EndProject
Project("{FAE04EC0-301F-11D3-BF4B-00C04F79EFBC}") = "PokeDex.POCOS", "PokeDex.POCOS\PokeDex.POCOS.csproj", "{7161DEF4-C055-424D-9D66-B2E53ADCED93}"
EndProject
Global
	GlobalSection(SolutionConfigurationPlatforms) = preSolution
		Debug|Any CPU = Debug|Any CPU
		Release|Any CPU = Release|Any CPU
	EndGlobalSection
	GlobalSection(ProjectConfigurationPlatforms) = postSolution
		{88BD1B1D-A63A-4DD7-B79B-A5A1CFC3A77A}.Debug|Any CPU.ActiveCfg = Debug|Any CPU
		{88BD1B1D-A63A-4DD7-B79B-A5A1CFC3A77A}.Debug|Any CPU.Build.0 = Debug|Any CPU
		{88BD1B1D-A63A-4DD7-B79B-A5A1CFC3A77A}.Release|Any CPU.ActiveCfg = Release|Any CPU
		{88BD1B1D-A63A-4DD7-B79B-A5A1CFC3A77A}.Release|Any CPU.Build.0 = Release|Any CPU
		{7161DEF4-C055-424D-9D66-B2E53ADCED93}.Debug|Any CPU.ActiveCfg = Debug|Any CPU
		{7161DEF4-C055-424D-9D66-B2E53ADCED93}.Debug|Any CPU.Build.0 = Debug|Any CPU
		{7161DEF4-C055-424D-9D66-B2E53ADCED93}.Release|Any CPU.ActiveCfg = Release|Any CPU
		{7161DEF4-C055-424D-9D66-B2E53ADCED93}.Release|Any CPU.Build.0 = Release|Any CPU
	EndGlobalSection
	GlobalSection(SolutionProperties) = preSolution
		HideSolutionNode = FALSE
	EndGlobalSection
	GlobalSection(ExtensibilityGlobals) = postSolution
		SolutionGuid = {5E7554AF-8444-4F43-A120-7078DD8BEEED}
	EndGlobalSection
EndGlobal
